
Microsoft Visual Studio Solution File, Format Version 12.00
# Visual Studio Version 16
VisualStudioVersion = 16.0.30517.126
MinimumVisualStudioVersion = 10.0.40219.1
Project("{FAE04EC0-301F-11D3-BF4B-00C04F79EFBC}") = "OdeToFood.Web", "OdeToFood.Web\OdeToFood.Web.csproj", "{B9944925-F176-41EE-8C64-FC27F6F98F58}"
EndProject
Project("{FAE04EC0-301F-11D3-BF4B-00C04F79EFBC}") = "OdeToFood.Data", "OdeToFood.Data\OdeToFood.Data.csproj", "{5CBC7C24-0DE1-4A63-A8BE-982985B33A3B}"
EndProject
Global
	GlobalSection(SolutionConfigurationPlatforms) = preSolution
		Debug|Any CPU = Debug|Any CPU
		Release|Any CPU = Release|Any CPU
	EndGlobalSection
	GlobalSection(ProjectConfigurationPlatforms) = postSolution
		{B9944925-F176-41EE-8C64-FC27F6F98F58}.Debug|Any CPU.ActiveCfg = Debug|Any CPU
		{B9944925-F176-41EE-8C64-FC27F6F98F58}.Debug|Any CPU.Build.0 = Debug|Any CPU
		{B9944925-F176-41EE-8C64-FC27F6F98F58}.Release|Any CPU.ActiveCfg = Release|Any CPU
		{B9944925-F176-41EE-8C64-FC27F6F98F58}.Release|Any CPU.Build.0 = Release|Any CPU
		{5CBC7C24-0DE1-4A63-A8BE-982985B33A3B}.Debug|Any CPU.ActiveCfg = Debug|Any CPU
		{5CBC7C24-0DE1-4A63-A8BE-982985B33A3B}.Debug|Any CPU.Build.0 = Debug|Any CPU
		{5CBC7C24-0DE1-4A63-A8BE-982985B33A3B}.Release|Any CPU.ActiveCfg = Release|Any CPU
		{5CBC7C24-0DE1-4A63-A8BE-982985B33A3B}.Release|Any CPU.Build.0 = Release|Any CPU
	EndGlobalSection
	GlobalSection(SolutionProperties) = preSolution
		HideSolutionNode = FALSE
	EndGlobalSection
	GlobalSection(ExtensibilityGlobals) = postSolution
		SolutionGuid = {4D3F8236-6316-4A25-BB63-2CE661EDCFCD}
	EndGlobalSection
EndGlobal
